
Microsoft Visual Studio Solution File, Format Version 12.00
# Visual Studio 2013
VisualStudioVersion = 12.0.40629.0
MinimumVisualStudioVersion = 10.0.40219.1
Project("{FAE04EC0-301F-11D3-BF4B-00C04F79EFBC}") = "Example", "Example.csproj", "{FF97DB67-1792-4C7C-B3B5-B5262275CA21}"
EndProject
Global
	GlobalSection(SolutionConfigurationPlatforms) = preSolution
		Debug|Any CPU = Debug|Any CPU
		Release|Any CPU = Release|Any CPU
	EndGlobalSection
	GlobalSection(ProjectConfigurationPlatforms) = postSolution
		{FF97DB67-1792-4C7C-B3B5-B5262275CA21}.Debug|Any CPU.ActiveCfg = Debug|Any CPU
		{FF97DB67-1792-4C7C-B3B5-B5262275CA21}.Debug|Any CPU.Build.0 = Debug|Any CPU
		{FF97DB67-1792-4C7C-B3B5-B5262275CA21}.Release|Any CPU.ActiveCfg = Release|Any CPU
		{FF97DB67-1792-4C7C-B3B5-B5262275CA21}.Release|Any CPU.Build.0 = Release|Any CPU
	EndGlobalSection
	GlobalSection(SolutionProperties) = preSolution
		HideSolutionNode = FALSE
	EndGlobalSection
EndGlobal
